
Microsoft Visual Studio Solution File, Format Version 12.00
# Visual Studio Version 16
VisualStudioVersion = 16.0.31729.503
MinimumVisualStudioVersion = 10.0.40219.1
Project("{FAE04EC0-301F-11D3-BF4B-00C04F79EFBC}") = "Calculate", "Calculate\Calculate.csproj", "{99F8BAB9-4ADF-45E1-B5EC-29FE42D1EE64}"
EndProject
Global
	GlobalSection(SolutionConfigurationPlatforms) = preSolution
		Debug|Any CPU = Debug|Any CPU
		Release|Any CPU = Release|Any CPU
	EndGlobalSection
	GlobalSection(ProjectConfigurationPlatforms) = postSolution
		{99F8BAB9-4ADF-45E1-B5EC-29FE42D1EE64}.Debug|Any CPU.ActiveCfg = Debug|Any CPU
		{99F8BAB9-4ADF-45E1-B5EC-29FE42D1EE64}.Debug|Any CPU.Build.0 = Debug|Any CPU
		{99F8BAB9-4ADF-45E1-B5EC-29FE42D1EE64}.Release|Any CPU.ActiveCfg = Release|Any CPU
		{99F8BAB9-4ADF-45E1-B5EC-29FE42D1EE64}.Release|Any CPU.Build.0 = Release|Any CPU
	EndGlobalSection
	GlobalSection(SolutionProperties) = preSolution
		HideSolutionNode = FALSE
	EndGlobalSection
	GlobalSection(ExtensibilityGlobals) = postSolution
		SolutionGuid = {17A06F56-F8F0-42ED-8433-8A8E0AACD78F}
	EndGlobalSection
EndGlobal
